
Microsoft Visual Studio Solution File, Format Version 12.00
# Visual Studio Version 16
VisualStudioVersion = 16.0.31424.327
MinimumVisualStudioVersion = 10.0.40219.1
Project("{FAE04EC0-301F-11D3-BF4B-00C04F79EFBC}") = "parte3", "parte3\parte3.csproj", "{73348B12-715F-485C-984E-AED8D66B9607}"
EndProject
Global
	GlobalSection(SolutionConfigurationPlatforms) = preSolution
		Debug|Any CPU = Debug|Any CPU
		Release|Any CPU = Release|Any CPU
	EndGlobalSection
	GlobalSection(ProjectConfigurationPlatforms) = postSolution
		{73348B12-715F-485C-984E-AED8D66B9607}.Debug|Any CPU.ActiveCfg = Debug|Any CPU
		{73348B12-715F-485C-984E-AED8D66B9607}.Debug|Any CPU.Build.0 = Debug|Any CPU
		{73348B12-715F-485C-984E-AED8D66B9607}.Release|Any CPU.ActiveCfg = Release|Any CPU
		{73348B12-715F-485C-984E-AED8D66B9607}.Release|Any CPU.Build.0 = Release|Any CPU
	EndGlobalSection
	GlobalSection(SolutionProperties) = preSolution
		HideSolutionNode = FALSE
	EndGlobalSection
	GlobalSection(ExtensibilityGlobals) = postSolution
		SolutionGuid = {7C1BBCD8-CA30-45CC-ABB3-C9DDA087A5FE}
	EndGlobalSection
EndGlobal
