
Microsoft Visual Studio Solution File, Format Version 12.00
# Visual Studio Version 16
VisualStudioVersion = 16.0.31424.327
MinimumVisualStudioVersion = 10.0.40219.1
Project("{FAE04EC0-301F-11D3-BF4B-00C04F79EFBC}") = "ejercicio15", "ejercicio15\ejercicio15.csproj", "{C81DC90E-73A9-4CEE-9800-2F464A0E6999}"
EndProject
Global
	GlobalSection(SolutionConfigurationPlatforms) = preSolution
		Debug|Any CPU = Debug|Any CPU
		Release|Any CPU = Release|Any CPU
	EndGlobalSection
	GlobalSection(ProjectConfigurationPlatforms) = postSolution
		{C81DC90E-73A9-4CEE-9800-2F464A0E6999}.Debug|Any CPU.ActiveCfg = Debug|Any CPU
		{C81DC90E-73A9-4CEE-9800-2F464A0E6999}.Debug|Any CPU.Build.0 = Debug|Any CPU
		{C81DC90E-73A9-4CEE-9800-2F464A0E6999}.Release|Any CPU.ActiveCfg = Release|Any CPU
		{C81DC90E-73A9-4CEE-9800-2F464A0E6999}.Release|Any CPU.Build.0 = Release|Any CPU
	EndGlobalSection
	GlobalSection(SolutionProperties) = preSolution
		HideSolutionNode = FALSE
	EndGlobalSection
	GlobalSection(ExtensibilityGlobals) = postSolution
		SolutionGuid = {D6FA43E3-0A8B-4642-899C-2F53ADA9D338}
	EndGlobalSection
EndGlobal
